
Microsoft Visual Studio Solution File, Format Version 12.00
# Visual Studio Version 16
VisualStudioVersion = 16.0.29409.12
MinimumVisualStudioVersion = 10.0.40219.1
Project("{9A19103F-16F7-4668-BE54-9A1E7A4F7556}") = "Orckestra", "Orckestra\Orckestra.csproj", "{2424DE83-7575-45A5-9580-CE21734EAE43}"
EndProject
Project("{9A19103F-16F7-4668-BE54-9A1E7A4F7556}") = "Orckestra.Test", "Orckestra.Test\Orckestra.Test.csproj", "{2EB21EA1-643D-43AC-BA5E-647A24772EF4}"
EndProject
Project("{9A19103F-16F7-4668-BE54-9A1E7A4F7556}") = "Orkcestra.Console", "Orkcestra.Console\Orkcestra.Console.csproj", "{16BCDCC2-53E0-4011-877D-EBB34D6F2CE7}"
EndProject
Project("{6EC3EE1D-3C4E-46DD-8F32-0CC8E7565705}") = "Orckestra.Fsharp", "Orckestra.Fsharp\Orckestra.Fsharp.fsproj", "{38C464F1-5B9B-435E-AA87-7797042E6A52}"
EndProject
Global
	GlobalSection(SolutionConfigurationPlatforms) = preSolution
		Debug|Any CPU = Debug|Any CPU
		Release|Any CPU = Release|Any CPU
	EndGlobalSection
	GlobalSection(ProjectConfigurationPlatforms) = postSolution
		{2424DE83-7575-45A5-9580-CE21734EAE43}.Debug|Any CPU.ActiveCfg = Debug|Any CPU
		{2424DE83-7575-45A5-9580-CE21734EAE43}.Debug|Any CPU.Build.0 = Debug|Any CPU
		{2424DE83-7575-45A5-9580-CE21734EAE43}.Release|Any CPU.ActiveCfg = Release|Any CPU
		{2424DE83-7575-45A5-9580-CE21734EAE43}.Release|Any CPU.Build.0 = Release|Any CPU
		{2EB21EA1-643D-43AC-BA5E-647A24772EF4}.Debug|Any CPU.ActiveCfg = Debug|Any CPU
		{2EB21EA1-643D-43AC-BA5E-647A24772EF4}.Debug|Any CPU.Build.0 = Debug|Any CPU
		{2EB21EA1-643D-43AC-BA5E-647A24772EF4}.Release|Any CPU.ActiveCfg = Release|Any CPU
		{2EB21EA1-643D-43AC-BA5E-647A24772EF4}.Release|Any CPU.Build.0 = Release|Any CPU
		{16BCDCC2-53E0-4011-877D-EBB34D6F2CE7}.Debug|Any CPU.ActiveCfg = Debug|Any CPU
		{16BCDCC2-53E0-4011-877D-EBB34D6F2CE7}.Debug|Any CPU.Build.0 = Debug|Any CPU
		{16BCDCC2-53E0-4011-877D-EBB34D6F2CE7}.Release|Any CPU.ActiveCfg = Release|Any CPU
		{16BCDCC2-53E0-4011-877D-EBB34D6F2CE7}.Release|Any CPU.Build.0 = Release|Any CPU
		{38C464F1-5B9B-435E-AA87-7797042E6A52}.Debug|Any CPU.ActiveCfg = Debug|Any CPU
		{38C464F1-5B9B-435E-AA87-7797042E6A52}.Debug|Any CPU.Build.0 = Debug|Any CPU
		{38C464F1-5B9B-435E-AA87-7797042E6A52}.Release|Any CPU.ActiveCfg = Release|Any CPU
		{38C464F1-5B9B-435E-AA87-7797042E6A52}.Release|Any CPU.Build.0 = Release|Any CPU
	EndGlobalSection
	GlobalSection(SolutionProperties) = preSolution
		HideSolutionNode = FALSE
	EndGlobalSection
	GlobalSection(ExtensibilityGlobals) = postSolution
		SolutionGuid = {C56C9958-3C8E-4609-A759-709AA9712C26}
	EndGlobalSection
EndGlobal
